{
  "nodes": {
    "argo-homebrew-tap": {
      "flake": false,
      "locked": {
        "lastModified": 1756414928,
        "narHash": "sha256-TzQt2B1RkVjDWf8lv+DYeigK5bIDC+Xz3kqVUQ5pNrc=",
        "owner": "argoproj",
        "repo": "homebrew-tap",
        "rev": "fdc7edd03bb7d2719369be916f2682898b33ef83",
        "type": "github"
      },
      "original": {
        "owner": "argoproj",
        "repo": "homebrew-tap",
        "type": "github"
      }
    },
    "brew-src": {
      "flake": false,
      "locked": {
        "lastModified": 1774235677,
        "narHash": "sha256-0ryNYmzDAeRlrzPTAgmzGH/Cgc8iv/LBN6jWGUANvIk=",
        "owner": "Homebrew",
        "repo": "brew",
        "rev": "894a3d23ac0c8aaf561b9874b528b9cb2e839201",
        "type": "github"
      },
      "original": {
        "owner": "Homebrew",
        "ref": "5.1.1",
        "repo": "brew",
        "type": "github"
      }
    },
    "darwin": {
      "inputs": {
        "nixpkgs": [
          "nixpkgs"
        ]
      },
      "locked": {
        "lastModified": 1773000227,
        "narHash": "sha256-zm3ftUQw0MPumYi91HovoGhgyZBlM4o3Zy0LhPNwzXE=",
        "owner": "LnL7",
        "repo": "nix-darwin",
        "rev": "da529ac9e46f25ed5616fd634079a5f3c579135f",
        "type": "github"
      },
      "original": {
        "owner": "LnL7",
        "ref": "master",
        "repo": "nix-darwin",
        "type": "github"
      }
    },
    "flake-compat": {
      "flake": false,
      "locked": {
        "lastModified": 1767039857,
        "narHash": "sha256-vNpUSpF5Nuw8xvDLj2KCwwksIbjua2LZCqhV1LNRDns=",
        "owner": "edolstra",
        "repo": "flake-compat",
        "rev": "5edf11c44bc78a0d334f6334cdaf7d60d732daab",
        "type": "github"
      },
      "original": {
        "owner": "edolstra",
        "repo": "flake-compat",
        "type": "github"
      }
    },
    "home-manager": {
      "inputs": {
        "nixpkgs": "nixpkgs"
      },
      "locked": {
        "lastModified": 1774738535,
        "narHash": "sha256-2jfBEZUC67IlnxO5KItFCAd7Oc+1TvyV/jQlR+2ykGQ=",
        "owner": "nix-community",
        "repo": "home-manager",
        "rev": "769e07ef8f4cf7b1ec3b96ef015abec9bc6b1e2a",
        "type": "github"
      },
      "original": {
        "owner": "nix-community",
        "repo": "home-manager",
        "type": "github"
      }
    },
    "homebrew-bundle": {
      "flake": false,
      "locked": {
        "lastModified": 1745335228,
        "narHash": "sha256-TIKR2UgtyUmHLNZp255/vLs+1I10hXe+sciMEbAGFwE=",
        "owner": "homebrew",
        "repo": "homebrew-bundle",
        "rev": "a3265c84b232e13048ecbf6fc18a2eedfadbeb08",
        "type": "github"
      },
      "original": {
        "owner": "homebrew",
        "repo": "homebrew-bundle",
        "type": "github"
      }
    },
    "homebrew-cask": {
      "flake": false,
      "locked": {
        "lastModified": 1774849573,
        "narHash": "sha256-AKdLn92Cl8kpswcSOKZkOFarW4FRmeInkoa/+V0WHbw=",
        "owner": "homebrew",
        "repo": "homebrew-cask",
        "rev": "843287a78dcd234a56c08d8f4a55da1c82a947ad",
        "type": "github"
      },
      "original": {
        "owner": "homebrew",
        "repo": "homebrew-cask",
        "type": "github"
      }
    },
    "homebrew-core": {
      "flake": false,
      "locked": {
        "lastModified": 1774845469,
        "narHash": "sha256-083ZaPzoA5F4gubVAaiTlfGFPp/5Wqj7YLpve2H0VJc=",
        "owner": "homebrew",
        "repo": "homebrew-core",
        "rev": "9a18040c1ecb51f56cb4f29d1d606ce43520d09e",
        "type": "github"
      },
      "original": {
        "owner": "homebrew",
        "repo": "homebrew-core",
        "type": "github"
      }
    },
    "nix-homebrew": {
      "inputs": {
        "brew-src": "brew-src"
      },
      "locked": {
        "lastModified": 1774720267,
        "narHash": "sha256-YYftFe8jyfpQI649yfr0E+dqEXE2jznZNcYvy/lKV1U=",
        "owner": "zhaofengli-wip",
        "repo": "nix-homebrew",
        "rev": "a7760a3a83f7609f742861afb5732210fdc437ed",
        "type": "github"
      },
      "original": {
        "owner": "zhaofengli-wip",
        "repo": "nix-homebrew",
        "type": "github"
      }
    },
    "nixos-wsl": {
      "inputs": {
        "flake-compat": "flake-compat",
        "nixpkgs": [
          "nixpkgs"
        ]
      },
      "locked": {
        "lastModified": 1773882647,
        "narHash": "sha256-VzcOcE0LLpEnyoxLuMuptZ9ZWCkSBn99bTgEQoz5Viw=",
        "owner": "nix-community",
        "repo": "nixos-wsl",
        "rev": "fd0eae98d1ecee31024271f8d64676250a386ee7",
        "type": "github"
      },
      "original": {
        "owner": "nix-community",
        "repo": "nixos-wsl",
        "type": "github"
      }
    },
    "nixpkgs": {
      "locked": {
        "lastModified": 1774106199,
        "narHash": "sha256-US5Tda2sKmjrg2lNHQL3jRQ6p96cgfWh3J1QBliQ8Ws=",
        "owner": "NixOS",
        "repo": "nixpkgs",
        "rev": "6c9a78c09ff4d6c21d0319114873508a6ec01655",
        "type": "github"
      },
      "original": {
        "owner": "NixOS",
        "ref": "nixos-unstable",
        "repo": "nixpkgs",
        "type": "github"
      }
    },
    "nixpkgs_2": {
      "locked": {
        "lastModified": 1774709303,
        "narHash": "sha256-D3Q07BbIA2KnTcSXIqqu9P586uWxN74zNoCH3h2ESHg=",
        "owner": "nixos",
        "repo": "nixpkgs",
        "rev": "8110df5ad7abf5d4c0f6fb0f8f978390e77f9685",
        "type": "github"
      },
      "original": {
        "owner": "nixos",
        "ref": "nixos-unstable",
        "repo": "nixpkgs",
        "type": "github"
      }
    },
    "root": {
      "inputs": {
        "argo-homebrew-tap": "argo-homebrew-tap",
        "darwin": "darwin",
        "home-manager": "home-manager",
        "homebrew-bundle": "homebrew-bundle",
        "homebrew-cask": "homebrew-cask",
        "homebrew-core": "homebrew-core",
        "nix-homebrew": "nix-homebrew",
        "nixos-wsl": "nixos-wsl",
        "nixpkgs": "nixpkgs_2"
      }
    }
  },
  "root": "root",
  "version": 7
}
